
Microsoft Visual Studio Solution File, Format Version 12.00
# Visual Studio Version 17
VisualStudioVersion = 17.14.36127.28
MinimumVisualStudioVersion = 10.0.40219.1
Project("{FAE04EC0-301F-11D3-BF4B-00C04F79EFBC}") = "url_shortener.MVC", "url_shortener.MVC\url_shortener.MVC.csproj", "{58B34211-E265-47AC-813C-E1DDD713490B}"
EndProject
Global
	GlobalSection(SolutionConfigurationPlatforms) = preSolution
		Debug|Any CPU = Debug|Any CPU
		Release|Any CPU = Release|Any CPU
	EndGlobalSection
	GlobalSection(ProjectConfigurationPlatforms) = postSolution
		{58B34211-E265-47AC-813C-E1DDD713490B}.Debug|Any CPU.ActiveCfg = Debug|Any CPU
		{58B34211-E265-47AC-813C-E1DDD713490B}.Debug|Any CPU.Build.0 = Debug|Any CPU
		{58B34211-E265-47AC-813C-E1DDD713490B}.Release|Any CPU.ActiveCfg = Release|Any CPU
		{58B34211-E265-47AC-813C-E1DDD713490B}.Release|Any CPU.Build.0 = Release|Any CPU
	EndGlobalSection
	GlobalSection(SolutionProperties) = preSolution
		HideSolutionNode = FALSE
	EndGlobalSection
	GlobalSection(ExtensibilityGlobals) = postSolution
		SolutionGuid = {86ADDFF7-3977-4D6B-BFA9-59053533AFFD}
	EndGlobalSection
EndGlobal
