
Microsoft Visual Studio Solution File, Format Version 12.00
# Visual Studio Version 17
VisualStudioVersion = 17.14.36127.28 d17.14
MinimumVisualStudioVersion = 10.0.40219.1
Project("{FAE04EC0-301F-11D3-BF4B-00C04F79EFBC}") = "URLShortener", "URLShortener.csproj", "{2ACAFF76-999C-4B74-AE6C-1CE5390C8E60}"
EndProject
Global
	GlobalSection(SolutionConfigurationPlatforms) = preSolution
		Debug|Any CPU = Debug|Any CPU
		Release|Any CPU = Release|Any CPU
	EndGlobalSection
	GlobalSection(ProjectConfigurationPlatforms) = postSolution
		{2ACAFF76-999C-4B74-AE6C-1CE5390C8E60}.Debug|Any CPU.ActiveCfg = Debug|Any CPU
		{2ACAFF76-999C-4B74-AE6C-1CE5390C8E60}.Debug|Any CPU.Build.0 = Debug|Any CPU
		{2ACAFF76-999C-4B74-AE6C-1CE5390C8E60}.Release|Any CPU.ActiveCfg = Release|Any CPU
		{2ACAFF76-999C-4B74-AE6C-1CE5390C8E60}.Release|Any CPU.Build.0 = Release|Any CPU
	EndGlobalSection
	GlobalSection(SolutionProperties) = preSolution
		HideSolutionNode = FALSE
	EndGlobalSection
	GlobalSection(ExtensibilityGlobals) = postSolution
		SolutionGuid = {AA5F7016-4301-4FC1-AC3E-81BBA3AC93AF}
	EndGlobalSection
EndGlobal
